// !$*UTF8*$!
{
	archiveVersion = 1;
	classes = {
	};
	objectVersion = 46;
	objects = {

/* Begin PBXBuildFile section */
		1DEA63431B00AC68005E282B /* xcomet.h in Headers */ = {isa = PBXBuildFile; fileRef = 1DEA63421B00AC68005E282B /* xcomet.h */; settings = {ATTRIBUTES = (Public, ); }; };
		1DEA63491B00AC68005E282B /* xcomet.framework in Frameworks */ = {isa = PBXBuildFile; fileRef = 1DEA633D1B00AC68005E282B /* xcomet.framework */; };
		1DEA63501B00AC68005E282B /* xcometTests.m in Sources */ = {isa = PBXBuildFile; fileRef = 1DEA634F1B00AC68005E282B /* xcometTests.m */; };
		1DEA637C1B00AD00005E282B /* GCDMulticastDelegate.h in Headers */ = {isa = PBXBuildFile; fileRef = 1DEA635A1B00AD00005E282B /* GCDMulticastDelegate.h */; };
		1DEA637D1B00AD00005E282B /* GCDMulticastDelegate.m in Sources */ = {isa = PBXBuildFile; fileRef = 1DEA635B1B00AD00005E282B /* GCDMulticastDelegate.m */; };
		1DEA637E1B00AD00005E282B /* XCDefines.h in Headers */ = {isa = PBXBuildFile; fileRef = 1DEA635C1B00AD00005E282B /* XCDefines.h */; };
		1DEA637F1B00AD00005E282B /* XCDefines.m in Sources */ = {isa = PBXBuildFile; fileRef = 1DEA635D1B00AD00005E282B /* XCDefines.m */; };
		1DEA63801B00AD00005E282B /* XCAutoPing.h in Headers */ = {isa = PBXBuildFile; fileRef = 1DEA635F1B00AD00005E282B /* XCAutoPing.h */; };
		1DEA63811B00AD00005E282B /* XCAutoPing.m in Sources */ = {isa = PBXBuildFile; fileRef = 1DEA63601B00AD00005E282B /* XCAutoPing.m */; };
		1DEA63821B00AD00005E282B /* XCAutoReconnect.h in Headers */ = {isa = PBXBuildFile; fileRef = 1DEA63611B00AD00005E282B /* XCAutoReconnect.h */; };
		1DEA63831B00AD00005E282B /* XCAutoReconnect.m in Sources */ = {isa = PBXBuildFile; fileRef = 1DEA63621B00AD00005E282B /* XCAutoReconnect.m */; };
		1DEA63841B00AD00005E282B /* XCChunkParser.h in Headers */ = {isa = PBXBuildFile; fileRef = 1DEA63631B00AD00005E282B /* XCChunkParser.h */; };
		1DEA63851B00AD00005E282B /* XCChunkParser.m in Sources */ = {isa = PBXBuildFile; fileRef = 1DEA63641B00AD00005E282B /* XCChunkParser.m */; };
		1DEA63861B00AD00005E282B /* XCInternal.h in Headers */ = {isa = PBXBuildFile; fileRef = 1DEA63651B00AD00005E282B /* XCInternal.h */; };
		1DEA63871B00AD00005E282B /* XClient+Internal.h in Headers */ = {isa = PBXBuildFile; fileRef = 1DEA63661B00AD00005E282B /* XClient+Internal.h */; };
		1DEA63881B00AD00005E282B /* XClient.h in Headers */ = {isa = PBXBuildFile; fileRef = 1DEA63671B00AD00005E282B /* XClient.h */; settings = {ATTRIBUTES = (Public, ); }; };
		1DEA63891B00AD00005E282B /* XClient.m in Sources */ = {isa = PBXBuildFile; fileRef = 1DEA63681B00AD00005E282B /* XClient.m */; };
		1DEA638A1B00AD00005E282B /* XClientOption.h in Headers */ = {isa = PBXBuildFile; fileRef = 1DEA63691B00AD00005E282B /* XClientOption.h */; };
		1DEA638B1B00AD00005E282B /* XClientOption.m in Sources */ = {isa = PBXBuildFile; fileRef = 1DEA636A1B00AD00005E282B /* XClientOption.m */; };
		1DEA638C1B00AD00005E282B /* XCLogging.h in Headers */ = {isa = PBXBuildFile; fileRef = 1DEA636B1B00AD00005E282B /* XCLogging.h */; };
		1DEA638D1B00AD00005E282B /* XCMessage.h in Headers */ = {isa = PBXBuildFile; fileRef = 1DEA636C1B00AD00005E282B /* XCMessage.h */; settings = {ATTRIBUTES = (Public, ); }; };
		1DEA638E1B00AD00005E282B /* XCMessage.m in Sources */ = {isa = PBXBuildFile; fileRef = 1DEA636D1B00AD00005E282B /* XCMessage.m */; };
		1DEA638F1B00AD00005E282B /* XCModule.h in Headers */ = {isa = PBXBuildFile; fileRef = 1DEA636E1B00AD00005E282B /* XCModule.h */; };
		1DEA63901B00AD00005E282B /* XCModule.m in Sources */ = {isa = PBXBuildFile; fileRef = 1DEA636F1B00AD00005E282B /* XCModule.m */; };
		1DEA63911B00AD00005E282B /* XCPacket.h in Headers */ = {isa = PBXBuildFile; fileRef = 1DEA63701B00AD00005E282B /* XCPacket.h */; };
		1DEA63921B00AD00005E282B /* XCPacket.m in Sources */ = {isa = PBXBuildFile; fileRef = 1DEA63711B00AD00005E282B /* XCPacket.m */; };
		1DEA63931B00AD00005E282B /* XCReconnect.h in Headers */ = {isa = PBXBuildFile; fileRef = 1DEA63721B00AD00005E282B /* XCReconnect.h */; };
		1DEA63941B00AD00005E282B /* XCReconnect.m in Sources */ = {isa = PBXBuildFile; fileRef = 1DEA63731B00AD00005E282B /* XCReconnect.m */; };
		1DEA63951B00AD00005E282B /* GCDAsyncSocket.h in Headers */ = {isa = PBXBuildFile; fileRef = 1DEA63761B00AD00005E282B /* GCDAsyncSocket.h */; };
		1DEA63961B00AD00005E282B /* GCDAsyncSocket.m in Sources */ = {isa = PBXBuildFile; fileRef = 1DEA63771B00AD00005E282B /* GCDAsyncSocket.m */; };
		1DEA63991B00AD00005E282B /* xcomet.pch in Headers */ = {isa = PBXBuildFile; fileRef = 1DEA637B1B00AD00005E282B /* xcomet.pch */; };
		A78160E433D746535746B5AD /* libPods-xcomet.a in Frameworks */ = {isa = PBXBuildFile; fileRef = ADE6F74A9F2913385CE9229B /* libPods-xcomet.a */; };
/* End PBXBuildFile section */

/* Begin PBXContainerItemProxy section */
		1DEA634A1B00AC68005E282B /* PBXContainerItemProxy */ = {
			isa = PBXContainerItemProxy;
			containerPortal = 1DEA63341B00AC68005E282B /* Project object */;
			proxyType = 1;
			remoteGlobalIDString = 1DEA633C1B00AC68005E282B;
			remoteInfo = xcomet;
		};
/* End PBXContainerItemProxy section */

/* Begin PBXFileReference section */
		1DEA633D1B00AC68005E282B /* xcomet.framework */ = {isa = PBXFileReference; explicitFileType = wrapper.framework; includeInIndex = 0; path = xcomet.framework; sourceTree = BUILT_PRODUCTS_DIR; };
		1DEA63411B00AC68005E282B /* Info.plist */ = {isa = PBXFileReference; lastKnownFileType = text.plist.xml; path = Info.plist; sourceTree = "<group>"; };
		1DEA63421B00AC68005E282B /* xcomet.h */ = {isa = PBXFileReference; lastKnownFileType = sourcecode.c.h; path = xcomet.h; sourceTree = "<group>"; };
		1DEA63481B00AC68005E282B /* xcometTests.xctest */ = {isa = PBXFileReference; explicitFileType = wrapper.cfbundle; includeInIndex = 0; path = xcometTests.xctest; sourceTree = BUILT_PRODUCTS_DIR; };
		1DEA634E1B00AC68005E282B /* Info.plist */ = {isa = PBXFileReference; lastKnownFileType = text.plist.xml; path = Info.plist; sourceTree = "<group>"; };
		1DEA634F1B00AC68005E282B /* xcometTests.m */ = {isa = PBXFileReference; lastKnownFileType = sourcecode.c.objc; path = xcometTests.m; sourceTree = "<group>"; };
		1DEA635A1B00AD00005E282B /* GCDMulticastDelegate.h */ = {isa = PBXFileReference; fileEncoding = 4; lastKnownFileType = sourcecode.c.h; path = GCDMulticastDelegate.h; sourceTree = "<group>"; };
		1DEA635B1B00AD00005E282B /* GCDMulticastDelegate.m */ = {isa = PBXFileReference; fileEncoding = 4; lastKnownFileType = sourcecode.c.objc; path = GCDMulticastDelegate.m; sourceTree = "<group>"; };
		1DEA635C1B00AD00005E282B /* XCDefines.h */ = {isa = PBXFileReference; fileEncoding = 4; lastKnownFileType = sourcecode.c.h; path = XCDefines.h; sourceTree = "<group>"; };
		1DEA635D1B00AD00005E282B /* XCDefines.m */ = {isa = PBXFileReference; fileEncoding = 4; lastKnownFileType = sourcecode.c.objc; path = XCDefines.m; sourceTree = "<group>"; };
		1DEA635F1B00AD00005E282B /* XCAutoPing.h */ = {isa = PBXFileReference; fileEncoding = 4; lastKnownFileType = sourcecode.c.h; path = XCAutoPing.h; sourceTree = "<group>"; };
		1DEA63601B00AD00005E282B /* XCAutoPing.m */ = {isa = PBXFileReference; fileEncoding = 4; lastKnownFileType = sourcecode.c.objc; path = XCAutoPing.m; sourceTree = "<group>"; };
		1DEA63611B00AD00005E282B /* XCAutoReconnect.h */ = {isa = PBXFileReference; fileEncoding = 4; lastKnownFileType = sourcecode.c.h; path = XCAutoReconnect.h; sourceTree = "<group>"; };
		1DEA63621B00AD00005E282B /* XCAutoReconnect.m */ = {isa = PBXFileReference; fileEncoding = 4; lastKnownFileType = sourcecode.c.objc; path = XCAutoReconnect.m; sourceTree = "<group>"; };
		1DEA63631B00AD00005E282B /* XCChunkParser.h */ = {isa = PBXFileReference; fileEncoding = 4; lastKnownFileType = sourcecode.c.h; path = XCChunkParser.h; sourceTree = "<group>"; };
		1DEA63641B00AD00005E282B /* XCChunkParser.m */ = {isa = PBXFileReference; fileEncoding = 4; lastKnownFileType = sourcecode.c.objc; path = XCChunkParser.m; sourceTree = "<group>"; };
		1DEA63651B00AD00005E282B /* XCInternal.h */ = {isa = PBXFileReference; fileEncoding = 4; lastKnownFileType = sourcecode.c.h; path = XCInternal.h; sourceTree = "<group>"; };
		1DEA63661B00AD00005E282B /* XClient+Internal.h */ = {isa = PBXFileReference; fileEncoding = 4; lastKnownFileType = sourcecode.c.h; path = "XClient+Internal.h"; sourceTree = "<group>"; };
		1DEA63671B00AD00005E282B /* XClient.h */ = {isa = PBXFileReference; fileEncoding = 4; lastKnownFileType = sourcecode.c.h; path = XClient.h; sourceTree = "<group>"; };
		1DEA63681B00AD00005E282B /* XClient.m */ = {isa = PBXFileReference; fileEncoding = 4; lastKnownFileType = sourcecode.c.objc; path = XClient.m; sourceTree = "<group>"; };
		1DEA63691B00AD00005E282B /* XClientOption.h */ = {isa = PBXFileReference; fileEncoding = 4; lastKnownFileType = sourcecode.c.h; path = XClientOption.h; sourceTree = "<group>"; };
		1DEA636A1B00AD00005E282B /* XClientOption.m */ = {isa = PBXFileReference; fileEncoding = 4; lastKnownFileType = sourcecode.c.objc; path = XClientOption.m; sourceTree = "<group>"; };
		1DEA636B1B00AD00005E282B /* XCLogging.h */ = {isa = PBXFileReference; fileEncoding = 4; lastKnownFileType = sourcecode.c.h; path = XCLogging.h; sourceTree = "<group>"; };
		1DEA636C1B00AD00005E282B /* XCMessage.h */ = {isa = PBXFileReference; fileEncoding = 4; lastKnownFileType = sourcecode.c.h; path = XCMessage.h; sourceTree = "<group>"; };
		1DEA636D1B00AD00005E282B /* XCMessage.m */ = {isa = PBXFileReference; fileEncoding = 4; lastKnownFileType = sourcecode.c.objc; path = XCMessage.m; sourceTree = "<group>"; };
		1DEA636E1B00AD00005E282B /* XCModule.h */ = {isa = PBXFileReference; fileEncoding = 4; lastKnownFileType = sourcecode.c.h; path = XCModule.h; sourceTree = "<group>"; };
		1DEA636F1B00AD00005E282B /* XCModule.m */ = {isa = PBXFileReference; fileEncoding = 4; lastKnownFileType = sourcecode.c.objc; path = XCModule.m; sourceTree = "<group>"; };
		1DEA63701B00AD00005E282B /* XCPacket.h */ = {isa = PBXFileReference; fileEncoding = 4; lastKnownFileType = sourcecode.c.h; path = XCPacket.h; sourceTree = "<group>"; };
		1DEA63711B00AD00005E282B /* XCPacket.m */ = {isa = PBXFileReference; fileEncoding = 4; lastKnownFileType = sourcecode.c.objc; path = XCPacket.m; sourceTree = "<group>"; };
		1DEA63721B00AD00005E282B /* XCReconnect.h */ = {isa = PBXFileReference; fileEncoding = 4; lastKnownFileType = sourcecode.c.h; path = XCReconnect.h; sourceTree = "<group>"; };
		1DEA63731B00AD00005E282B /* XCReconnect.m */ = {isa = PBXFileReference; fileEncoding = 4; lastKnownFileType = sourcecode.c.objc; path = XCReconnect.m; sourceTree = "<group>"; };
		1DEA63761B00AD00005E282B /* GCDAsyncSocket.h */ = {isa = PBXFileReference; fileEncoding = 4; lastKnownFileType = sourcecode.c.h; path = GCDAsyncSocket.h; sourceTree = "<group>"; };
		1DEA63771B00AD00005E282B /* GCDAsyncSocket.m */ = {isa = PBXFileReference; fileEncoding = 4; lastKnownFileType = sourcecode.c.objc; path = GCDAsyncSocket.m; sourceTree = "<group>"; };
		1DEA637B1B00AD00005E282B /* xcomet.pch */ = {isa = PBXFileReference; fileEncoding = 4; lastKnownFileType = sourcecode.c.h; path = xcomet.pch; sourceTree = "<group>"; };
		51E68B1C968AE43A2248E2B5 /* Pods-xcomet.release.xcconfig */ = {isa = PBXFileReference; includeInIndex = 1; lastKnownFileType = text.xcconfig; name = "Pods-xcomet.release.xcconfig"; path = "Pods/Target Support Files/Pods-xcomet/Pods-xcomet.release.xcconfig"; sourceTree = "<group>"; };
		9B44D6958C130D0B9BD61054 /* Pods-xcomet.debug.xcconfig */ = {isa = PBXFileReference; includeInIndex = 1; lastKnownFileType = text.xcconfig; name = "Pods-xcomet.debug.xcconfig"; path = "Pods/Target Support Files/Pods-xcomet/Pods-xcomet.debug.xcconfig"; sourceTree = "<group>"; };
		ADE6F74A9F2913385CE9229B /* libPods-xcomet.a */ = {isa = PBXFileReference; explicitFileType = archive.ar; includeInIndex = 0; path = "libPods-xcomet.a"; sourceTree = BUILT_PRODUCTS_DIR; };
/* End PBXFileReference section */

/* Begin PBXFrameworksBuildPhase section */
		1DEA63391B00AC68005E282B /* Frameworks */ = {
			isa = PBXFrameworksBuildPhase;
			buildActionMask = 2147483647;
			files = (
				A78160E433D746535746B5AD /* libPods-xcomet.a in Frameworks */,
			);
			runOnlyForDeploymentPostprocessing = 0;
		};
		1DEA63451B00AC68005E282B /* Frameworks */ = {
			isa = PBXFrameworksBuildPhase;
			buildActionMask = 2147483647;
			files = (
				1DEA63491B00AC68005E282B /* xcomet.framework in Frameworks */,
			);
			runOnlyForDeploymentPostprocessing = 0;
		};
/* End PBXFrameworksBuildPhase section */

/* Begin PBXGroup section */
		0EB9DC47D42F2E1565997EAD /* Frameworks */ = {
			isa = PBXGroup;
			children = (
				ADE6F74A9F2913385CE9229B /* libPods-xcomet.a */,
			);
			name = Frameworks;
			sourceTree = "<group>";
		};
		1DEA63331B00AC68005E282B = {
			isa = PBXGroup;
			children = (
				1DEA633F1B00AC68005E282B /* xcomet */,
				1DEA634C1B00AC68005E282B /* xcometTests */,
				1DEA633E1B00AC68005E282B /* Products */,
				67A83AA236142A8F8A139B94 /* Pods */,
				0EB9DC47D42F2E1565997EAD /* Frameworks */,
			);
			sourceTree = "<group>";
		};
		1DEA633E1B00AC68005E282B /* Products */ = {
			isa = PBXGroup;
			children = (
				1DEA633D1B00AC68005E282B /* xcomet.framework */,
				1DEA63481B00AC68005E282B /* xcometTests.xctest */,
			);
			name = Products;
			sourceTree = "<group>";
		};
		1DEA633F1B00AC68005E282B /* xcomet */ = {
			isa = PBXGroup;
			children = (
				1DEA63591B00AD00005E282B /* Utilities */,
				1DEA635C1B00AD00005E282B /* XCDefines.h */,
				1DEA635D1B00AD00005E282B /* XCDefines.m */,
				1DEA635E1B00AD00005E282B /* XClient */,
				1DEA63741B00AD00005E282B /* Vendors */,
				1DEA637B1B00AD00005E282B /* xcomet.pch */,
				1DEA63421B00AC68005E282B /* xcomet.h */,
				1DEA63401B00AC68005E282B /* Supporting Files */,
			);
			path = xcomet;
			sourceTree = "<group>";
		};
		1DEA63401B00AC68005E282B /* Supporting Files */ = {
			isa = PBXGroup;
			children = (
				1DEA63411B00AC68005E282B /* Info.plist */,
			);
			name = "Supporting Files";
			sourceTree = "<group>";
		};
		1DEA634C1B00AC68005E282B /* xcometTests */ = {
			isa = PBXGroup;
			children = (
				1DEA634F1B00AC68005E282B /* xcometTests.m */,
				1DEA634D1B00AC68005E282B /* Supporting Files */,
			);
			path = xcometTests;
			sourceTree = "<group>";
		};
		1DEA634D1B00AC68005E282B /* Supporting Files */ = {
			isa = PBXGroup;
			children = (
				1DEA634E1B00AC68005E282B /* Info.plist */,
			);
			name = "Supporting Files";
			sourceTree = "<group>";
		};
		1DEA63591B00AD00005E282B /* Utilities */ = {
			isa = PBXGroup;
			children = (
				1DEA635A1B00AD00005E282B /* GCDMulticastDelegate.h */,
				1DEA635B1B00AD00005E282B /* GCDMulticastDelegate.m */,
			);
			path = Utilities;
			sourceTree = "<group>";
		};
		1DEA635E1B00AD00005E282B /* XClient */ = {
			isa = PBXGroup;
			children = (
				1DEA635F1B00AD00005E282B /* XCAutoPing.h */,
				1DEA63601B00AD00005E282B /* XCAutoPing.m */,
				1DEA63611B00AD00005E282B /* XCAutoReconnect.h */,
				1DEA63621B00AD00005E282B /* XCAutoReconnect.m */,
				1DEA63631B00AD00005E282B /* XCChunkParser.h */,
				1DEA63641B00AD00005E282B /* XCChunkParser.m */,
				1DEA63651B00AD00005E282B /* XCInternal.h */,
				1DEA63661B00AD00005E282B /* XClient+Internal.h */,
				1DEA63671B00AD00005E282B /* XClient.h */,
				1DEA63681B00AD00005E282B /* XClient.m */,
				1DEA63691B00AD00005E282B /* XClientOption.h */,
				1DEA636A1B00AD00005E282B /* XClientOption.m */,
				1DEA636B1B00AD00005E282B /* XCLogging.h */,
				1DEA636C1B00AD00005E282B /* XCMessage.h */,
				1DEA636D1B00AD00005E282B /* XCMessage.m */,
				1DEA636E1B00AD00005E282B /* XCModule.h */,
				1DEA636F1B00AD00005E282B /* XCModule.m */,
				1DEA63701B00AD00005E282B /* XCPacket.h */,
				1DEA63711B00AD00005E282B /* XCPacket.m */,
				1DEA63721B00AD00005E282B /* XCReconnect.h */,
				1DEA63731B00AD00005E282B /* XCReconnect.m */,
			);
			path = XClient;
			sourceTree = "<group>";
		};
		1DEA63741B00AD00005E282B /* Vendors */ = {
			isa = PBXGroup;
			children = (
				1DEA63751B00AD00005E282B /* GCDAsyncSocket */,
			);
			path = Vendors;
			sourceTree = "<group>";
		};
		1DEA63751B00AD00005E282B /* GCDAsyncSocket */ = {
			isa = PBXGroup;
			children = (
				1DEA63761B00AD00005E282B /* GCDAsyncSocket.h */,
				1DEA63771B00AD00005E282B /* GCDAsyncSocket.m */,
			);
			path = GCDAsyncSocket;
			sourceTree = "<group>";
		};
		67A83AA236142A8F8A139B94 /* Pods */ = {
			isa = PBXGroup;
			children = (
				9B44D6958C130D0B9BD61054 /* Pods-xcomet.debug.xcconfig */,
				51E68B1C968AE43A2248E2B5 /* Pods-xcomet.release.xcconfig */,
			);
			name = Pods;
			sourceTree = "<group>";
		};
/* End PBXGroup section */

/* Begin PBXHeadersBuildPhase section */
		1DEA633A1B00AC68005E282B /* Headers */ = {
			isa = PBXHeadersBuildPhase;
			buildActionMask = 2147483647;
			files = (
				1DEA63801B00AD00005E282B /* XCAutoPing.h in Headers */,
				1DEA63881B00AD00005E282B /* XClient.h in Headers */,
				1DEA638D1B00AD00005E282B /* XCMessage.h in Headers */,
				1DEA63821B00AD00005E282B /* XCAutoReconnect.h in Headers */,
				1DEA63841B00AD00005E282B /* XCChunkParser.h in Headers */,
				1DEA638C1B00AD00005E282B /* XCLogging.h in Headers */,
				1DEA638F1B00AD00005E282B /* XCModule.h in Headers */,
				1DEA63911B00AD00005E282B /* XCPacket.h in Headers */,
				1DEA63431B00AC68005E282B /* xcomet.h in Headers */,
				1DEA637E1B00AD00005E282B /* XCDefines.h in Headers */,
				1DEA63861B00AD00005E282B /* XCInternal.h in Headers */,
				1DEA637C1B00AD00005E282B /* GCDMulticastDelegate.h in Headers */,
				1DEA63951B00AD00005E282B /* GCDAsyncSocket.h in Headers */,
				1DEA63871B00AD00005E282B /* XClient+Internal.h in Headers */,
				1DEA638A1B00AD00005E282B /* XClientOption.h in Headers */,
				1DEA63931B00AD00005E282B /* XCReconnect.h in Headers */,
				1DEA63991B00AD00005E282B /* xcomet.pch in Headers */,
			);
			runOnlyForDeploymentPostprocessing = 0;
		};
/* End PBXHeadersBuildPhase section */

/* Begin PBXNativeTarget section */
		1DEA633C1B00AC68005E282B /* xcomet */ = {
			isa = PBXNativeTarget;
			buildConfigurationList = 1DEA63531B00AC68005E282B /* Build configuration list for PBXNativeTarget "xcomet" */;
			buildPhases = (
				8A48D4BCA69BEF28A700B099 /* Check Pods Manifest.lock */,
				1DEA63381B00AC68005E282B /* Sources */,
				1DEA63391B00AC68005E282B /* Frameworks */,
				1DEA633A1B00AC68005E282B /* Headers */,
				1DEA633B1B00AC68005E282B /* Resources */,
				8E370ECF3BF1A79DA3C4D233 /* Copy Pods Resources */,
			);
			buildRules = (
			);
			dependencies = (
			);
			name = xcomet;
			productName = xcomet;
			productReference = 1DEA633D1B00AC68005E282B /* xcomet.framework */;
			productType = "com.apple.product-type.framework";
		};
		1DEA63471B00AC68005E282B /* xcometTests */ = {
			isa = PBXNativeTarget;
			buildConfigurationList = 1DEA63561B00AC68005E282B /* Build configuration list for PBXNativeTarget "xcometTests" */;
			buildPhases = (
				1DEA63441B00AC68005E282B /* Sources */,
				1DEA63451B00AC68005E282B /* Frameworks */,
				1DEA63461B00AC68005E282B /* Resources */,
			);
			buildRules = (
			);
			dependencies = (
				1DEA634B1B00AC68005E282B /* PBXTargetDependency */,
			);
			name = xcometTests;
			productName = xcometTests;
			productReference = 1DEA63481B00AC68005E282B /* xcometTests.xctest */;
			productType = "com.apple.product-type.bundle.unit-test";
		};
/* End PBXNativeTarget section */

/* Begin PBXProject section */
		1DEA63341B00AC68005E282B /* Project object */ = {
			isa = PBXProject;
			attributes = {
				LastUpgradeCheck = 0620;
				ORGANIZATIONNAME = kimziv;
				TargetAttributes = {
					1DEA633C1B00AC68005E282B = {
						CreatedOnToolsVersion = 6.2;
					};
					1DEA63471B00AC68005E282B = {
						CreatedOnToolsVersion = 6.2;
					};
				};
			};
			buildConfigurationList = 1DEA63371B00AC68005E282B /* Build configuration list for PBXProject "xcomet" */;
			compatibilityVersion = "Xcode 3.2";
			developmentRegion = English;
			hasScannedForEncodings = 0;
			knownRegions = (
				en,
			);
			mainGroup = 1DEA63331B00AC68005E282B;
			productRefGroup = 1DEA633E1B00AC68005E282B /* Products */;
			projectDirPath = "";
			projectRoot = "";
			targets = (
				1DEA633C1B00AC68005E282B /* xcomet */,
				1DEA63471B00AC68005E282B /* xcometTests */,
			);
		};
/* End PBXProject section */

/* Begin PBXResourcesBuildPhase section */
		1DEA633B1B00AC68005E282B /* Resources */ = {
			isa = PBXResourcesBuildPhase;
			buildActionMask = 2147483647;
			files = (
			);
			runOnlyForDeploymentPostprocessing = 0;
		};
		1DEA63461B00AC68005E282B /* Resources */ = {
			isa = PBXResourcesBuildPhase;
			buildActionMask = 2147483647;
			files = (
			);
			runOnlyForDeploymentPostprocessing = 0;
		};
/* End PBXResourcesBuildPhase section */

/* Begin PBXShellScriptBuildPhase section */
		8A48D4BCA69BEF28A700B099 /* Check Pods Manifest.lock */ = {
			isa = PBXShellScriptBuildPhase;
			buildActionMask = 2147483647;
			files = (
			);
			inputPaths = (
			);
			name = "Check Pods Manifest.lock";
			outputPaths = (
			);
			runOnlyForDeploymentPostprocessing = 0;
			shellPath = /bin/sh;
			shellScript = "diff \"${PODS_ROOT}/../Podfile.lock\" \"${PODS_ROOT}/Manifest.lock\" > /dev/null\nif [[ $? != 0 ]] ; then\n    cat << EOM\nerror: The sandbox is not in sync with the Podfile.lock. Run 'pod install' or update your CocoaPods installation.\nEOM\n    exit 1\nfi\n";
			showEnvVarsInLog = 0;
		};
		8E370ECF3BF1A79DA3C4D233 /* Copy Pods Resources */ = {
			isa = PBXShellScriptBuildPhase;
			buildActionMask = 2147483647;
			files = (
			);
			inputPaths = (
			);
			name = "Copy Pods Resources";
			outputPaths = (
			);
			runOnlyForDeploymentPostprocessing = 0;
			shellPath = /bin/sh;
			shellScript = "\"${SRCROOT}/Pods/Target Support Files/Pods-xcomet/Pods-xcomet-resources.sh\"\n";
			showEnvVarsInLog = 0;
		};
/* End PBXShellScriptBuildPhase section */

/* Begin PBXSourcesBuildPhase section */
		1DEA63381B00AC68005E282B /* Sources */ = {
			isa = PBXSourcesBuildPhase;
			buildActionMask = 2147483647;
			files = (
				1DEA63961B00AD00005E282B /* GCDAsyncSocket.m in Sources */,
				1DEA637D1B00AD00005E282B /* GCDMulticastDelegate.m in Sources */,
				1DEA63901B00AD00005E282B /* XCModule.m in Sources */,
				1DEA63831B00AD00005E282B /* XCAutoReconnect.m in Sources */,
				1DEA637F1B00AD00005E282B /* XCDefines.m in Sources */,
				1DEA63921B00AD00005E282B /* XCPacket.m in Sources */,
				1DEA63941B00AD00005E282B /* XCReconnect.m in Sources */,
				1DEA63851B00AD00005E282B /* XCChunkParser.m in Sources */,
				1DEA638B1B00AD00005E282B /* XClientOption.m in Sources */,
				1DEA63811B00AD00005E282B /* XCAutoPing.m in Sources */,
				1DEA638E1B00AD00005E282B /* XCMessage.m in Sources */,
				1DEA63891B00AD00005E282B /* XClient.m in Sources */,
			);
			runOnlyForDeploymentPostprocessing = 0;
		};
		1DEA63441B00AC68005E282B /* Sources */ = {
			isa = PBXSourcesBuildPhase;
			buildActionMask = 2147483647;
			files = (
				1DEA63501B00AC68005E282B /* xcometTests.m in Sources */,
			);
			runOnlyForDeploymentPostprocessing = 0;
		};
/* End PBXSourcesBuildPhase section */

/* Begin PBXTargetDependency section */
		1DEA634B1B00AC68005E282B /* PBXTargetDependency */ = {
			isa = PBXTargetDependency;
			target = 1DEA633C1B00AC68005E282B /* xcomet */;
			targetProxy = 1DEA634A1B00AC68005E282B /* PBXContainerItemProxy */;
		};
/* End PBXTargetDependency section */

/* Begin XCBuildConfiguration section */
		1DEA63511B00AC68005E282B /* Debug */ = {
			isa = XCBuildConfiguration;
			buildSettings = {
				ALWAYS_SEARCH_USER_PATHS = NO;
				CLANG_CXX_LANGUAGE_STANDARD = "gnu++0x";
				CLANG_CXX_LIBRARY = "libc++";
				CLANG_ENABLE_MODULES = YES;
				CLANG_ENABLE_OBJC_ARC = YES;
				CLANG_WARN_BOOL_CONVERSION = YES;
				CLANG_WARN_CONSTANT_CONVERSION = YES;
				CLANG_WARN_DIRECT_OBJC_ISA_USAGE = YES_ERROR;
				CLANG_WARN_EMPTY_BODY = YES;
				CLANG_WARN_ENUM_CONVERSION = YES;
				CLANG_WARN_INT_CONVERSION = YES;
				CLANG_WARN_OBJC_ROOT_CLASS = YES_ERROR;
				CLANG_WARN_UNREACHABLE_CODE = YES;
				CLANG_WARN__DUPLICATE_METHOD_MATCH = YES;
				"CODE_SIGN_IDENTITY[sdk=iphoneos*]" = "iPhone Developer";
				COPY_PHASE_STRIP = NO;
				CURRENT_PROJECT_VERSION = 1;
				ENABLE_STRICT_OBJC_MSGSEND = YES;
				GCC_C_LANGUAGE_STANDARD = gnu99;
				GCC_DYNAMIC_NO_PIC = NO;
				GCC_OPTIMIZATION_LEVEL = 0;
				GCC_PREPROCESSOR_DEFINITIONS = (
					"DEBUG=1",
					"$(inherited)",
				);
				GCC_SYMBOLS_PRIVATE_EXTERN = NO;
				GCC_WARN_64_TO_32_BIT_CONVERSION = YES;
				GCC_WARN_ABOUT_RETURN_TYPE = YES_ERROR;
				GCC_WARN_UNDECLARED_SELECTOR = YES;
				GCC_WARN_UNINITIALIZED_AUTOS = YES_AGGRESSIVE;
				GCC_WARN_UNUSED_FUNCTION = YES;
				GCC_WARN_UNUSED_VARIABLE = YES;
				IPHONEOS_DEPLOYMENT_TARGET = 8.2;
				MTL_ENABLE_DEBUG_INFO = YES;
				ONLY_ACTIVE_ARCH = YES;
				SDKROOT = iphoneos;
				TARGETED_DEVICE_FAMILY = "1,2";
				VERSIONING_SYSTEM = "apple-generic";
				VERSION_INFO_PREFIX = "";
			};
			name = Debug;
		};
		1DEA63521B00AC68005E282B /* Release */ = {
			isa = XCBuildConfiguration;
			buildSettings = {
				ALWAYS_SEARCH_USER_PATHS = NO;
				CLANG_CXX_LANGUAGE_STANDARD = "gnu++0x";
				CLANG_CXX_LIBRARY = "libc++";
				CLANG_ENABLE_MODULES = YES;
				CLANG_ENABLE_OBJC_ARC = YES;
				CLANG_WARN_BOOL_CONVERSION = YES;
				CLANG_WARN_CONSTANT_CONVERSION = YES;
				CLANG_WARN_DIRECT_OBJC_ISA_USAGE = YES_ERROR;
				CLANG_WARN_EMPTY_BODY = YES;
				CLANG_WARN_ENUM_CONVERSION = YES;
				CLANG_WARN_INT_CONVERSION = YES;
				CLANG_WARN_OBJC_ROOT_CLASS = YES_ERROR;
				CLANG_WARN_UNREACHABLE_CODE = YES;
				CLANG_WARN__DUPLICATE_METHOD_MATCH = YES;
				"CODE_SIGN_IDENTITY[sdk=iphoneos*]" = "iPhone Developer";
				COPY_PHASE_STRIP = NO;
				CURRENT_PROJECT_VERSION = 1;
				ENABLE_NS_ASSERTIONS = NO;
				ENABLE_STRICT_OBJC_MSGSEND = YES;
				GCC_C_LANGUAGE_STANDARD = gnu99;
				GCC_WARN_64_TO_32_BIT_CONVERSION = YES;
				GCC_WARN_ABOUT_RETURN_TYPE = YES_ERROR;
				GCC_WARN_UNDECLARED_SELECTOR = YES;
				GCC_WARN_UNINITIALIZED_AUTOS = YES_AGGRESSIVE;
				GCC_WARN_UNUSED_FUNCTION = YES;
				GCC_WARN_UNUSED_VARIABLE = YES;
				IPHONEOS_DEPLOYMENT_TARGET = 8.2;
				MTL_ENABLE_DEBUG_INFO = NO;
				SDKROOT = iphoneos;
				TARGETED_DEVICE_FAMILY = "1,2";
				VALIDATE_PRODUCT = YES;
				VERSIONING_SYSTEM = "apple-generic";
				VERSION_INFO_PREFIX = "";
			};
			name = Release;
		};
		1DEA63541B00AC68005E282B /* Debug */ = {
			isa = XCBuildConfiguration;
			baseConfigurationReference = 9B44D6958C130D0B9BD61054 /* Pods-xcomet.debug.xcconfig */;
			buildSettings = {
				DEFINES_MODULE = YES;
				DYLIB_COMPATIBILITY_VERSION = 1;
				DYLIB_CURRENT_VERSION = 1;
				DYLIB_INSTALL_NAME_BASE = "@rpath";
				GCC_PRECOMPILE_PREFIX_HEADER = YES;
				GCC_PREFIX_HEADER = xcomet/xcomet.pch;
				INFOPLIST_FILE = xcomet/Info.plist;
				INSTALL_PATH = "$(LOCAL_LIBRARY_DIR)/Frameworks";
				IPHONEOS_DEPLOYMENT_TARGET = 7.0;
				LD_RUNPATH_SEARCH_PATHS = "$(inherited) @executable_path/Frameworks @loader_path/Frameworks";
				MACH_O_TYPE = staticlib;
				PRODUCT_NAME = "$(TARGET_NAME)";
				SKIP_INSTALL = YES;
			};
			name = Debug;
		};
		1DEA63551B00AC68005E282B /* Release */ = {
			isa = XCBuildConfiguration;
			baseConfigurationReference = 51E68B1C968AE43A2248E2B5 /* Pods-xcomet.release.xcconfig */;
			buildSettings = {
				DEFINES_MODULE = YES;
				DYLIB_COMPATIBILITY_VERSION = 1;
				DYLIB_CURRENT_VERSION = 1;
				DYLIB_INSTALL_NAME_BASE = "@rpath";
				GCC_PRECOMPILE_PREFIX_HEADER = YES;
				GCC_PREFIX_HEADER = xcomet/xcomet.pch;
				INFOPLIST_FILE = xcomet/Info.plist;
				INSTALL_PATH = "$(LOCAL_LIBRARY_DIR)/Frameworks";
				IPHONEOS_DEPLOYMENT_TARGET = 7.0;
				LD_RUNPATH_SEARCH_PATHS = "$(inherited) @executable_path/Frameworks @loader_path/Frameworks";
				MACH_O_TYPE = staticlib;
				PRODUCT_NAME = "$(TARGET_NAME)";
				SKIP_INSTALL = YES;
			};
			name = Release;
		};
		1DEA63571B00AC68005E282B /* Debug */ = {
			isa = XCBuildConfiguration;
			buildSettings = {
				FRAMEWORK_SEARCH_PATHS = (
					"$(SDKROOT)/Developer/Library/Frameworks",
					"$(inherited)",
				);
				GCC_PREPROCESSOR_DEFINITIONS = (
					"DEBUG=1",
					"$(inherited)",
				);
				INFOPLIST_FILE = xcometTests/Info.plist;
				LD_RUNPATH_SEARCH_PATHS = "$(inherited) @executable_path/Frameworks @loader_path/Frameworks";
				PRODUCT_NAME = "$(TARGET_NAME)";
			};
			name = Debug;
		};
		1DEA63581B00AC68005E282B /* Release */ = {
			isa = XCBuildConfiguration;
			buildSettings = {
				FRAMEWORK_SEARCH_PATHS = (
					"$(SDKROOT)/Developer/Library/Frameworks",
					"$(inherited)",
				);
				INFOPLIST_FILE = xcometTests/Info.plist;
				LD_RUNPATH_SEARCH_PATHS = "$(inherited) @executable_path/Frameworks @loader_path/Frameworks";
				PRODUCT_NAME = "$(TARGET_NAME)";
			};
			name = Release;
		};
/* End XCBuildConfiguration section */

/* Begin XCConfigurationList section */
		1DEA63371B00AC68005E282B /* Build configuration list for PBXProject "xcomet" */ = {
			isa = XCConfigurationList;
			buildConfigurations = (
				1DEA63511B00AC68005E282B /* Debug */,
				1DEA63521B00AC68005E282B /* Release */,
			);
			defaultConfigurationIsVisible = 0;
			defaultConfigurationName = Release;
		};
		1DEA63531B00AC68005E282B /* Build configuration list for PBXNativeTarget "xcomet" */ = {
			isa = XCConfigurationList;
			buildConfigurations = (
				1DEA63541B00AC68005E282B /* Debug */,
				1DEA63551B00AC68005E282B /* Release */,
			);
			defaultConfigurationIsVisible = 0;
			defaultConfigurationName = Release;
		};
		1DEA63561B00AC68005E282B /* Build configuration list for PBXNativeTarget "xcometTests" */ = {
			isa = XCConfigurationList;
			buildConfigurations = (
				1DEA63571B00AC68005E282B /* Debug */,
				1DEA63581B00AC68005E282B /* Release */,
			);
			defaultConfigurationIsVisible = 0;
			defaultConfigurationName = Release;
		};
/* End XCConfigurationList section */
	};
	rootObject = 1DEA63341B00AC68005E282B /* Project object */;
}
