// !$*UTF8*$!
{
	archiveVersion = 1;
	classes = {
	};
	objectVersion = 46;
	objects = {

/* Begin PBXBuildFile section */
		DAAB06231B04A6330043E7C3 /* main.m in Sources */ = {isa = PBXBuildFile; fileRef = DAAB06221B04A6330043E7C3 /* main.m */; };
		DAAB06261B04A6330043E7C3 /* AppDelegate.m in Sources */ = {isa = PBXBuildFile; fileRef = DAAB06251B04A6330043E7C3 /* AppDelegate.m */; };
		DAAB06291B04A6330043E7C3 /* ViewController.m in Sources */ = {isa = PBXBuildFile; fileRef = DAAB06281B04A6330043E7C3 /* ViewController.m */; };
		DAAB062C1B04A6330043E7C3 /* Main.storyboard in Resources */ = {isa = PBXBuildFile; fileRef = DAAB062A1B04A6330043E7C3 /* Main.storyboard */; };
		DAAB062E1B04A6330043E7C3 /* Images.xcassets in Resources */ = {isa = PBXBuildFile; fileRef = DAAB062D1B04A6330043E7C3 /* Images.xcassets */; };
		DAAB06311B04A6330043E7C3 /* LaunchScreen.xib in Resources */ = {isa = PBXBuildFile; fileRef = DAAB062F1B04A6330043E7C3 /* LaunchScreen.xib */; };
		DAAB063D1B04A6330043E7C3 /* XuexiBaoDemoTests.m in Sources */ = {isa = PBXBuildFile; fileRef = DAAB063C1B04A6330043E7C3 /* XuexiBaoDemoTests.m */; };
		DAAB064F1B04A6520043E7C3 /* XuexiBaoFramework.framework in Frameworks */ = {isa = PBXBuildFile; fileRef = DAAB064C1B04A6470043E7C3 /* XuexiBaoFramework.framework */; };
		DAAB06521B04AC230043E7C3 /* libz.dylib in Frameworks */ = {isa = PBXBuildFile; fileRef = DAAB06511B04AC230043E7C3 /* libz.dylib */; };
		DAAB06541B04AC3A0043E7C3 /* AVFoundation.framework in Frameworks */ = {isa = PBXBuildFile; fileRef = DAAB06531B04AC3A0043E7C3 /* AVFoundation.framework */; };
		DAAB06581B04AC6E0043E7C3 /* SystemConfiguration.framework in Frameworks */ = {isa = PBXBuildFile; fileRef = DAAB06571B04AC6E0043E7C3 /* SystemConfiguration.framework */; };
		DAAB065A1B04AC820043E7C3 /* CoreData.framework in Frameworks */ = {isa = PBXBuildFile; fileRef = DAAB06591B04AC820043E7C3 /* CoreData.framework */; };
		DAAB065C1B04AC920043E7C3 /* AdSupport.framework in Frameworks */ = {isa = PBXBuildFile; fileRef = DAAB065B1B04AC920043E7C3 /* AdSupport.framework */; };
		DAAB065E1B04ACA90043E7C3 /* AssetsLibrary.framework in Frameworks */ = {isa = PBXBuildFile; fileRef = DAAB065D1B04ACA90043E7C3 /* AssetsLibrary.framework */; };
		DAAB06601B04ACB90043E7C3 /* CoreTelephony.framework in Frameworks */ = {isa = PBXBuildFile; fileRef = DAAB065F1B04ACB90043E7C3 /* CoreTelephony.framework */; };
		DAAB06621B04ACC80043E7C3 /* CoreMotion.framework in Frameworks */ = {isa = PBXBuildFile; fileRef = DAAB06611B04ACC80043E7C3 /* CoreMotion.framework */; };
		DAAB06661B04AD0B0043E7C3 /* ImageIO.framework in Frameworks */ = {isa = PBXBuildFile; fileRef = DAAB06651B04AD0B0043E7C3 /* ImageIO.framework */; };
/* End PBXBuildFile section */

/* Begin PBXContainerItemProxy section */
		DAAB06371B04A6330043E7C3 /* PBXContainerItemProxy */ = {
			isa = PBXContainerItemProxy;
			containerPortal = DAAB06151B04A6330043E7C3 /* Project object */;
			proxyType = 1;
			remoteGlobalIDString = DAAB061C1B04A6330043E7C3;
			remoteInfo = XuexiBaoDemo;
		};
		DAAB064B1B04A6470043E7C3 /* PBXContainerItemProxy */ = {
			isa = PBXContainerItemProxy;
			containerPortal = DAAB06461B04A6460043E7C3 /* XuexiBaoFramework.xcodeproj */;
			proxyType = 2;
			remoteGlobalIDString = DA4C835B1B032818001390A9;
			remoteInfo = XuexiBaoFramework;
		};
		DAAB064D1B04A6470043E7C3 /* PBXContainerItemProxy */ = {
			isa = PBXContainerItemProxy;
			containerPortal = DAAB06461B04A6460043E7C3 /* XuexiBaoFramework.xcodeproj */;
			proxyType = 2;
			remoteGlobalIDString = DA4C837B1B0331CB001390A9;
			remoteInfo = XuexiBaoBundle;
		};
/* End PBXContainerItemProxy section */

/* Begin PBXFileReference section */
		DAAB061D1B04A6330043E7C3 /* XuexiBaoDemo.app */ = {isa = PBXFileReference; explicitFileType = wrapper.application; includeInIndex = 0; path = XuexiBaoDemo.app; sourceTree = BUILT_PRODUCTS_DIR; };
		DAAB06211B04A6330043E7C3 /* Info.plist */ = {isa = PBXFileReference; lastKnownFileType = text.plist.xml; path = Info.plist; sourceTree = "<group>"; };
		DAAB06221B04A6330043E7C3 /* main.m */ = {isa = PBXFileReference; lastKnownFileType = sourcecode.c.objc; path = main.m; sourceTree = "<group>"; };
		DAAB06241B04A6330043E7C3 /* AppDelegate.h */ = {isa = PBXFileReference; lastKnownFileType = sourcecode.c.h; path = AppDelegate.h; sourceTree = "<group>"; };
		DAAB06251B04A6330043E7C3 /* AppDelegate.m */ = {isa = PBXFileReference; lastKnownFileType = sourcecode.c.objc; path = AppDelegate.m; sourceTree = "<group>"; };
		DAAB06271B04A6330043E7C3 /* ViewController.h */ = {isa = PBXFileReference; lastKnownFileType = sourcecode.c.h; path = ViewController.h; sourceTree = "<group>"; };
		DAAB06281B04A6330043E7C3 /* ViewController.m */ = {isa = PBXFileReference; lastKnownFileType = sourcecode.c.objc; path = ViewController.m; sourceTree = "<group>"; };
		DAAB062B1B04A6330043E7C3 /* Base */ = {isa = PBXFileReference; lastKnownFileType = file.storyboard; name = Base; path = Base.lproj/Main.storyboard; sourceTree = "<group>"; };
		DAAB062D1B04A6330043E7C3 /* Images.xcassets */ = {isa = PBXFileReference; lastKnownFileType = folder.assetcatalog; path = Images.xcassets; sourceTree = "<group>"; };
		DAAB06301B04A6330043E7C3 /* Base */ = {isa = PBXFileReference; lastKnownFileType = file.xib; name = Base; path = Base.lproj/LaunchScreen.xib; sourceTree = "<group>"; };
		DAAB06361B04A6330043E7C3 /* XuexiBaoDemoTests.xctest */ = {isa = PBXFileReference; explicitFileType = wrapper.cfbundle; includeInIndex = 0; path = XuexiBaoDemoTests.xctest; sourceTree = BUILT_PRODUCTS_DIR; };
		DAAB063B1B04A6330043E7C3 /* Info.plist */ = {isa = PBXFileReference; lastKnownFileType = text.plist.xml; path = Info.plist; sourceTree = "<group>"; };
		DAAB063C1B04A6330043E7C3 /* XuexiBaoDemoTests.m */ = {isa = PBXFileReference; lastKnownFileType = sourcecode.c.objc; path = XuexiBaoDemoTests.m; sourceTree = "<group>"; };
		DAAB06461B04A6460043E7C3 /* XuexiBaoFramework.xcodeproj */ = {isa = PBXFileReference; lastKnownFileType = "wrapper.pb-project"; name = XuexiBaoFramework.xcodeproj; path = ../../XuexiBaoFramework.xcodeproj; sourceTree = "<group>"; };
		DAAB06511B04AC230043E7C3 /* libz.dylib */ = {isa = PBXFileReference; lastKnownFileType = "compiled.mach-o.dylib"; name = libz.dylib; path = usr/lib/libz.dylib; sourceTree = SDKROOT; };
		DAAB06531B04AC3A0043E7C3 /* AVFoundation.framework */ = {isa = PBXFileReference; lastKnownFileType = wrapper.framework; name = AVFoundation.framework; path = System/Library/Frameworks/AVFoundation.framework; sourceTree = SDKROOT; };
		DAAB06551B04AC500043E7C3 /* CFNetwork.framework */ = {isa = PBXFileReference; lastKnownFileType = wrapper.framework; name = CFNetwork.framework; path = System/Library/Frameworks/CFNetwork.framework; sourceTree = SDKROOT; };
		DAAB06571B04AC6E0043E7C3 /* SystemConfiguration.framework */ = {isa = PBXFileReference; lastKnownFileType = wrapper.framework; name = SystemConfiguration.framework; path = System/Library/Frameworks/SystemConfiguration.framework; sourceTree = SDKROOT; };
		DAAB06591B04AC820043E7C3 /* CoreData.framework */ = {isa = PBXFileReference; lastKnownFileType = wrapper.framework; name = CoreData.framework; path = System/Library/Frameworks/CoreData.framework; sourceTree = SDKROOT; };
		DAAB065B1B04AC920043E7C3 /* AdSupport.framework */ = {isa = PBXFileReference; lastKnownFileType = wrapper.framework; name = AdSupport.framework; path = System/Library/Frameworks/AdSupport.framework; sourceTree = SDKROOT; };
		DAAB065D1B04ACA90043E7C3 /* AssetsLibrary.framework */ = {isa = PBXFileReference; lastKnownFileType = wrapper.framework; name = AssetsLibrary.framework; path = System/Library/Frameworks/AssetsLibrary.framework; sourceTree = SDKROOT; };
		DAAB065F1B04ACB90043E7C3 /* CoreTelephony.framework */ = {isa = PBXFileReference; lastKnownFileType = wrapper.framework; name = CoreTelephony.framework; path = System/Library/Frameworks/CoreTelephony.framework; sourceTree = SDKROOT; };
		DAAB06611B04ACC80043E7C3 /* CoreMotion.framework */ = {isa = PBXFileReference; lastKnownFileType = wrapper.framework; name = CoreMotion.framework; path = System/Library/Frameworks/CoreMotion.framework; sourceTree = SDKROOT; };
		DAAB06631B04ACF80043E7C3 /* CoreGraphics.framework */ = {isa = PBXFileReference; lastKnownFileType = wrapper.framework; name = CoreGraphics.framework; path = System/Library/Frameworks/CoreGraphics.framework; sourceTree = SDKROOT; };
		DAAB06651B04AD0B0043E7C3 /* ImageIO.framework */ = {isa = PBXFileReference; lastKnownFileType = wrapper.framework; name = ImageIO.framework; path = System/Library/Frameworks/ImageIO.framework; sourceTree = SDKROOT; };
		DAAB06671B04AD200043E7C3 /* UIKit.framework */ = {isa = PBXFileReference; lastKnownFileType = wrapper.framework; name = UIKit.framework; path = System/Library/Frameworks/UIKit.framework; sourceTree = SDKROOT; };
		DAAB06691B04AD2A0043E7C3 /* QuartzCore.framework */ = {isa = PBXFileReference; lastKnownFileType = wrapper.framework; name = QuartzCore.framework; path = System/Library/Frameworks/QuartzCore.framework; sourceTree = SDKROOT; };
/* End PBXFileReference section */

/* Begin PBXFrameworksBuildPhase section */
		DAAB061A1B04A6330043E7C3 /* Frameworks */ = {
			isa = PBXFrameworksBuildPhase;
			buildActionMask = 2147483647;
			files = (
				DAAB06661B04AD0B0043E7C3 /* ImageIO.framework in Frameworks */,
				DAAB06621B04ACC80043E7C3 /* CoreMotion.framework in Frameworks */,
				DAAB06601B04ACB90043E7C3 /* CoreTelephony.framework in Frameworks */,
				DAAB065E1B04ACA90043E7C3 /* AssetsLibrary.framework in Frameworks */,
				DAAB065C1B04AC920043E7C3 /* AdSupport.framework in Frameworks */,
				DAAB065A1B04AC820043E7C3 /* CoreData.framework in Frameworks */,
				DAAB06581B04AC6E0043E7C3 /* SystemConfiguration.framework in Frameworks */,
				DAAB06541B04AC3A0043E7C3 /* AVFoundation.framework in Frameworks */,
				DAAB06521B04AC230043E7C3 /* libz.dylib in Frameworks */,
				DAAB064F1B04A6520043E7C3 /* XuexiBaoFramework.framework in Frameworks */,
			);
			runOnlyForDeploymentPostprocessing = 0;
		};
		DAAB06331B04A6330043E7C3 /* Frameworks */ = {
			isa = PBXFrameworksBuildPhase;
			buildActionMask = 2147483647;
			files = (
			);
			runOnlyForDeploymentPostprocessing = 0;
		};
/* End PBXFrameworksBuildPhase section */

/* Begin PBXGroup section */
		DAAB06141B04A6330043E7C3 = {
			isa = PBXGroup;
			children = (
				DAAB06461B04A6460043E7C3 /* XuexiBaoFramework.xcodeproj */,
				DAAB061F1B04A6330043E7C3 /* XuexiBaoDemo */,
				DAAB066C1B04AE660043E7C3 /* Frameworks */,
				DAAB06391B04A6330043E7C3 /* XuexiBaoDemoTests */,
				DAAB061E1B04A6330043E7C3 /* Products */,
			);
			sourceTree = "<group>";
		};
		DAAB061E1B04A6330043E7C3 /* Products */ = {
			isa = PBXGroup;
			children = (
				DAAB061D1B04A6330043E7C3 /* XuexiBaoDemo.app */,
				DAAB06361B04A6330043E7C3 /* XuexiBaoDemoTests.xctest */,
			);
			name = Products;
			sourceTree = "<group>";
		};
		DAAB061F1B04A6330043E7C3 /* XuexiBaoDemo */ = {
			isa = PBXGroup;
			children = (
				DAAB06241B04A6330043E7C3 /* AppDelegate.h */,
				DAAB06251B04A6330043E7C3 /* AppDelegate.m */,
				DAAB06271B04A6330043E7C3 /* ViewController.h */,
				DAAB06281B04A6330043E7C3 /* ViewController.m */,
				DAAB062A1B04A6330043E7C3 /* Main.storyboard */,
				DAAB062D1B04A6330043E7C3 /* Images.xcassets */,
				DAAB062F1B04A6330043E7C3 /* LaunchScreen.xib */,
				DAAB06201B04A6330043E7C3 /* Supporting Files */,
			);
			path = XuexiBaoDemo;
			sourceTree = "<group>";
		};
		DAAB06201B04A6330043E7C3 /* Supporting Files */ = {
			isa = PBXGroup;
			children = (
				DAAB06211B04A6330043E7C3 /* Info.plist */,
				DAAB06221B04A6330043E7C3 /* main.m */,
			);
			name = "Supporting Files";
			sourceTree = "<group>";
		};
		DAAB06391B04A6330043E7C3 /* XuexiBaoDemoTests */ = {
			isa = PBXGroup;
			children = (
				DAAB063C1B04A6330043E7C3 /* XuexiBaoDemoTests.m */,
				DAAB063A1B04A6330043E7C3 /* Supporting Files */,
			);
			path = XuexiBaoDemoTests;
			sourceTree = "<group>";
		};
		DAAB063A1B04A6330043E7C3 /* Supporting Files */ = {
			isa = PBXGroup;
			children = (
				DAAB063B1B04A6330043E7C3 /* Info.plist */,
			);
			name = "Supporting Files";
			sourceTree = "<group>";
		};
		DAAB06471B04A6460043E7C3 /* Products */ = {
			isa = PBXGroup;
			children = (
				DAAB064C1B04A6470043E7C3 /* XuexiBaoFramework.framework */,
				DAAB064E1B04A6470043E7C3 /* XuexiBaoBundle.bundle */,
			);
			name = Products;
			sourceTree = "<group>";
		};
		DAAB066C1B04AE660043E7C3 /* Frameworks */ = {
			isa = PBXGroup;
			children = (
				DAAB06691B04AD2A0043E7C3 /* QuartzCore.framework */,
				DAAB06671B04AD200043E7C3 /* UIKit.framework */,
				DAAB06651B04AD0B0043E7C3 /* ImageIO.framework */,
				DAAB06631B04ACF80043E7C3 /* CoreGraphics.framework */,
				DAAB06611B04ACC80043E7C3 /* CoreMotion.framework */,
				DAAB065F1B04ACB90043E7C3 /* CoreTelephony.framework */,
				DAAB065D1B04ACA90043E7C3 /* AssetsLibrary.framework */,
				DAAB065B1B04AC920043E7C3 /* AdSupport.framework */,
				DAAB06591B04AC820043E7C3 /* CoreData.framework */,
				DAAB06571B04AC6E0043E7C3 /* SystemConfiguration.framework */,
				DAAB06551B04AC500043E7C3 /* CFNetwork.framework */,
				DAAB06531B04AC3A0043E7C3 /* AVFoundation.framework */,
				DAAB06511B04AC230043E7C3 /* libz.dylib */,
			);
			name = Frameworks;
			sourceTree = "<group>";
		};
/* End PBXGroup section */

/* Begin PBXNativeTarget section */
		DAAB061C1B04A6330043E7C3 /* XuexiBaoDemo */ = {
			isa = PBXNativeTarget;
			buildConfigurationList = DAAB06401B04A6330043E7C3 /* Build configuration list for PBXNativeTarget "XuexiBaoDemo" */;
			buildPhases = (
				DAAB06191B04A6330043E7C3 /* Sources */,
				DAAB061A1B04A6330043E7C3 /* Frameworks */,
				DAAB061B1B04A6330043E7C3 /* Resources */,
			);
			buildRules = (
			);
			dependencies = (
			);
			name = XuexiBaoDemo;
			productName = XuexiBaoDemo;
			productReference = DAAB061D1B04A6330043E7C3 /* XuexiBaoDemo.app */;
			productType = "com.apple.product-type.application";
		};
		DAAB06351B04A6330043E7C3 /* XuexiBaoDemoTests */ = {
			isa = PBXNativeTarget;
			buildConfigurationList = DAAB06431B04A6330043E7C3 /* Build configuration list for PBXNativeTarget "XuexiBaoDemoTests" */;
			buildPhases = (
				DAAB06321B04A6330043E7C3 /* Sources */,
				DAAB06331B04A6330043E7C3 /* Frameworks */,
				DAAB06341B04A6330043E7C3 /* Resources */,
			);
			buildRules = (
			);
			dependencies = (
				DAAB06381B04A6330043E7C3 /* PBXTargetDependency */,
			);
			name = XuexiBaoDemoTests;
			productName = XuexiBaoDemoTests;
			productReference = DAAB06361B04A6330043E7C3 /* XuexiBaoDemoTests.xctest */;
			productType = "com.apple.product-type.bundle.unit-test";
		};
/* End PBXNativeTarget section */

/* Begin PBXProject section */
		DAAB06151B04A6330043E7C3 /* Project object */ = {
			isa = PBXProject;
			attributes = {
				LastUpgradeCheck = 0610;
				ORGANIZATIONNAME = "杭州皆冠科技有限公司";
				TargetAttributes = {
					DAAB061C1B04A6330043E7C3 = {
						CreatedOnToolsVersion = 6.1.1;
					};
					DAAB06351B04A6330043E7C3 = {
						CreatedOnToolsVersion = 6.1.1;
						TestTargetID = DAAB061C1B04A6330043E7C3;
					};
				};
			};
			buildConfigurationList = DAAB06181B04A6330043E7C3 /* Build configuration list for PBXProject "XuexiBaoDemo" */;
			compatibilityVersion = "Xcode 3.2";
			developmentRegion = English;
			hasScannedForEncodings = 0;
			knownRegions = (
				en,
				Base,
			);
			mainGroup = DAAB06141B04A6330043E7C3;
			productRefGroup = DAAB061E1B04A6330043E7C3 /* Products */;
			projectDirPath = "";
			projectReferences = (
				{
					ProductGroup = DAAB06471B04A6460043E7C3 /* Products */;
					ProjectRef = DAAB06461B04A6460043E7C3 /* XuexiBaoFramework.xcodeproj */;
				},
			);
			projectRoot = "";
			targets = (
				DAAB061C1B04A6330043E7C3 /* XuexiBaoDemo */,
				DAAB06351B04A6330043E7C3 /* XuexiBaoDemoTests */,
			);
		};
/* End PBXProject section */

/* Begin PBXReferenceProxy section */
		DAAB064C1B04A6470043E7C3 /* XuexiBaoFramework.framework */ = {
			isa = PBXReferenceProxy;
			fileType = wrapper.framework;
			path = XuexiBaoFramework.framework;
			remoteRef = DAAB064B1B04A6470043E7C3 /* PBXContainerItemProxy */;
			sourceTree = BUILT_PRODUCTS_DIR;
		};
		DAAB064E1B04A6470043E7C3 /* XuexiBaoBundle.bundle */ = {
			isa = PBXReferenceProxy;
			fileType = wrapper.cfbundle;
			path = XuexiBaoBundle.bundle;
			remoteRef = DAAB064D1B04A6470043E7C3 /* PBXContainerItemProxy */;
			sourceTree = BUILT_PRODUCTS_DIR;
		};
/* End PBXReferenceProxy section */

/* Begin PBXResourcesBuildPhase section */
		DAAB061B1B04A6330043E7C3 /* Resources */ = {
			isa = PBXResourcesBuildPhase;
			buildActionMask = 2147483647;
			files = (
				DAAB062C1B04A6330043E7C3 /* Main.storyboard in Resources */,
				DAAB06311B04A6330043E7C3 /* LaunchScreen.xib in Resources */,
				DAAB062E1B04A6330043E7C3 /* Images.xcassets in Resources */,
			);
			runOnlyForDeploymentPostprocessing = 0;
		};
		DAAB06341B04A6330043E7C3 /* Resources */ = {
			isa = PBXResourcesBuildPhase;
			buildActionMask = 2147483647;
			files = (
			);
			runOnlyForDeploymentPostprocessing = 0;
		};
/* End PBXResourcesBuildPhase section */

/* Begin PBXSourcesBuildPhase section */
		DAAB06191B04A6330043E7C3 /* Sources */ = {
			isa = PBXSourcesBuildPhase;
			buildActionMask = 2147483647;
			files = (
				DAAB06291B04A6330043E7C3 /* ViewController.m in Sources */,
				DAAB06261B04A6330043E7C3 /* AppDelegate.m in Sources */,
				DAAB06231B04A6330043E7C3 /* main.m in Sources */,
			);
			runOnlyForDeploymentPostprocessing = 0;
		};
		DAAB06321B04A6330043E7C3 /* Sources */ = {
			isa = PBXSourcesBuildPhase;
			buildActionMask = 2147483647;
			files = (
				DAAB063D1B04A6330043E7C3 /* XuexiBaoDemoTests.m in Sources */,
			);
			runOnlyForDeploymentPostprocessing = 0;
		};
/* End PBXSourcesBuildPhase section */

/* Begin PBXTargetDependency section */
		DAAB06381B04A6330043E7C3 /* PBXTargetDependency */ = {
			isa = PBXTargetDependency;
			target = DAAB061C1B04A6330043E7C3 /* XuexiBaoDemo */;
			targetProxy = DAAB06371B04A6330043E7C3 /* PBXContainerItemProxy */;
		};
/* End PBXTargetDependency section */

/* Begin PBXVariantGroup section */
		DAAB062A1B04A6330043E7C3 /* Main.storyboard */ = {
			isa = PBXVariantGroup;
			children = (
				DAAB062B1B04A6330043E7C3 /* Base */,
			);
			name = Main.storyboard;
			sourceTree = "<group>";
		};
		DAAB062F1B04A6330043E7C3 /* LaunchScreen.xib */ = {
			isa = PBXVariantGroup;
			children = (
				DAAB06301B04A6330043E7C3 /* Base */,
			);
			name = LaunchScreen.xib;
			sourceTree = "<group>";
		};
/* End PBXVariantGroup section */

/* Begin XCBuildConfiguration section */
		DAAB063E1B04A6330043E7C3 /* Debug */ = {
			isa = XCBuildConfiguration;
			buildSettings = {
				ALWAYS_SEARCH_USER_PATHS = NO;
				CLANG_CXX_LANGUAGE_STANDARD = "gnu++0x";
				CLANG_CXX_LIBRARY = "libc++";
				CLANG_ENABLE_MODULES = YES;
				CLANG_ENABLE_OBJC_ARC = YES;
				CLANG_WARN_BOOL_CONVERSION = YES;
				CLANG_WARN_CONSTANT_CONVERSION = YES;
				CLANG_WARN_DIRECT_OBJC_ISA_USAGE = YES_ERROR;
				CLANG_WARN_EMPTY_BODY = YES;
				CLANG_WARN_ENUM_CONVERSION = YES;
				CLANG_WARN_INT_CONVERSION = YES;
				CLANG_WARN_OBJC_ROOT_CLASS = YES_ERROR;
				CLANG_WARN_UNREACHABLE_CODE = YES;
				CLANG_WARN__DUPLICATE_METHOD_MATCH = YES;
				"CODE_SIGN_IDENTITY[sdk=iphoneos*]" = "iPhone Developer";
				COPY_PHASE_STRIP = NO;
				ENABLE_STRICT_OBJC_MSGSEND = YES;
				GCC_C_LANGUAGE_STANDARD = gnu99;
				GCC_DYNAMIC_NO_PIC = NO;
				GCC_OPTIMIZATION_LEVEL = 0;
				GCC_PREPROCESSOR_DEFINITIONS = (
					"DEBUG=1",
					"$(inherited)",
				);
				GCC_SYMBOLS_PRIVATE_EXTERN = NO;
				GCC_WARN_64_TO_32_BIT_CONVERSION = YES;
				GCC_WARN_ABOUT_RETURN_TYPE = YES_ERROR;
				GCC_WARN_UNDECLARED_SELECTOR = YES;
				GCC_WARN_UNINITIALIZED_AUTOS = YES_AGGRESSIVE;
				GCC_WARN_UNUSED_FUNCTION = YES;
				GCC_WARN_UNUSED_VARIABLE = YES;
				IPHONEOS_DEPLOYMENT_TARGET = 7.0;
				MTL_ENABLE_DEBUG_INFO = YES;
				ONLY_ACTIVE_ARCH = NO;
				SDKROOT = iphoneos;
			};
			name = Debug;
		};
		DAAB063F1B04A6330043E7C3 /* Release */ = {
			isa = XCBuildConfiguration;
			buildSettings = {
				ALWAYS_SEARCH_USER_PATHS = NO;
				CLANG_CXX_LANGUAGE_STANDARD = "gnu++0x";
				CLANG_CXX_LIBRARY = "libc++";
				CLANG_ENABLE_MODULES = YES;
				CLANG_ENABLE_OBJC_ARC = YES;
				CLANG_WARN_BOOL_CONVERSION = YES;
				CLANG_WARN_CONSTANT_CONVERSION = YES;
				CLANG_WARN_DIRECT_OBJC_ISA_USAGE = YES_ERROR;
				CLANG_WARN_EMPTY_BODY = YES;
				CLANG_WARN_ENUM_CONVERSION = YES;
				CLANG_WARN_INT_CONVERSION = YES;
				CLANG_WARN_OBJC_ROOT_CLASS = YES_ERROR;
				CLANG_WARN_UNREACHABLE_CODE = YES;
				CLANG_WARN__DUPLICATE_METHOD_MATCH = YES;
				"CODE_SIGN_IDENTITY[sdk=iphoneos*]" = "iPhone Developer";
				COPY_PHASE_STRIP = YES;
				ENABLE_NS_ASSERTIONS = NO;
				ENABLE_STRICT_OBJC_MSGSEND = YES;
				GCC_C_LANGUAGE_STANDARD = gnu99;
				GCC_WARN_64_TO_32_BIT_CONVERSION = YES;
				GCC_WARN_ABOUT_RETURN_TYPE = YES_ERROR;
				GCC_WARN_UNDECLARED_SELECTOR = YES;
				GCC_WARN_UNINITIALIZED_AUTOS = YES_AGGRESSIVE;
				GCC_WARN_UNUSED_FUNCTION = YES;
				GCC_WARN_UNUSED_VARIABLE = YES;
				IPHONEOS_DEPLOYMENT_TARGET = 7.0;
				MTL_ENABLE_DEBUG_INFO = NO;
				ONLY_ACTIVE_ARCH = NO;
				SDKROOT = iphoneos;
				VALIDATE_PRODUCT = YES;
			};
			name = Release;
		};
		DAAB06411B04A6330043E7C3 /* Debug */ = {
			isa = XCBuildConfiguration;
			buildSettings = {
				ASSETCATALOG_COMPILER_APPICON_NAME = AppIcon;
				INFOPLIST_FILE = XuexiBaoDemo/Info.plist;
				LD_RUNPATH_SEARCH_PATHS = "$(inherited) @executable_path/Frameworks";
				OTHER_LDFLAGS = "-all_load";
				PRODUCT_NAME = "$(TARGET_NAME)";
			};
			name = Debug;
		};
		DAAB06421B04A6330043E7C3 /* Release */ = {
			isa = XCBuildConfiguration;
			buildSettings = {
				ASSETCATALOG_COMPILER_APPICON_NAME = AppIcon;
				INFOPLIST_FILE = XuexiBaoDemo/Info.plist;
				LD_RUNPATH_SEARCH_PATHS = "$(inherited) @executable_path/Frameworks";
				OTHER_LDFLAGS = "-all_load";
				PRODUCT_NAME = "$(TARGET_NAME)";
			};
			name = Release;
		};
		DAAB06441B04A6330043E7C3 /* Debug */ = {
			isa = XCBuildConfiguration;
			buildSettings = {
				BUNDLE_LOADER = "$(TEST_HOST)";
				FRAMEWORK_SEARCH_PATHS = (
					"$(SDKROOT)/Developer/Library/Frameworks",
					"$(inherited)",
				);
				GCC_PREPROCESSOR_DEFINITIONS = (
					"DEBUG=1",
					"$(inherited)",
				);
				INFOPLIST_FILE = XuexiBaoDemoTests/Info.plist;
				LD_RUNPATH_SEARCH_PATHS = "$(inherited) @executable_path/Frameworks @loader_path/Frameworks";
				PRODUCT_NAME = "$(TARGET_NAME)";
				TEST_HOST = "$(BUILT_PRODUCTS_DIR)/XuexiBaoDemo.app/XuexiBaoDemo";
			};
			name = Debug;
		};
		DAAB06451B04A6330043E7C3 /* Release */ = {
			isa = XCBuildConfiguration;
			buildSettings = {
				BUNDLE_LOADER = "$(TEST_HOST)";
				FRAMEWORK_SEARCH_PATHS = (
					"$(SDKROOT)/Developer/Library/Frameworks",
					"$(inherited)",
				);
				INFOPLIST_FILE = XuexiBaoDemoTests/Info.plist;
				LD_RUNPATH_SEARCH_PATHS = "$(inherited) @executable_path/Frameworks @loader_path/Frameworks";
				PRODUCT_NAME = "$(TARGET_NAME)";
				TEST_HOST = "$(BUILT_PRODUCTS_DIR)/XuexiBaoDemo.app/XuexiBaoDemo";
			};
			name = Release;
		};
/* End XCBuildConfiguration section */

/* Begin XCConfigurationList section */
		DAAB06181B04A6330043E7C3 /* Build configuration list for PBXProject "XuexiBaoDemo" */ = {
			isa = XCConfigurationList;
			buildConfigurations = (
				DAAB063E1B04A6330043E7C3 /* Debug */,
				DAAB063F1B04A6330043E7C3 /* Release */,
			);
			defaultConfigurationIsVisible = 0;
			defaultConfigurationName = Release;
		};
		DAAB06401B04A6330043E7C3 /* Build configuration list for PBXNativeTarget "XuexiBaoDemo" */ = {
			isa = XCConfigurationList;
			buildConfigurations = (
				DAAB06411B04A6330043E7C3 /* Debug */,
				DAAB06421B04A6330043E7C3 /* Release */,
			);
			defaultConfigurationIsVisible = 0;
		};
		DAAB06431B04A6330043E7C3 /* Build configuration list for PBXNativeTarget "XuexiBaoDemoTests" */ = {
			isa = XCConfigurationList;
			buildConfigurations = (
				DAAB06441B04A6330043E7C3 /* Debug */,
				DAAB06451B04A6330043E7C3 /* Release */,
			);
			defaultConfigurationIsVisible = 0;
		};
/* End XCConfigurationList section */
	};
	rootObject = DAAB06151B04A6330043E7C3 /* Project object */;
}
